
Microsoft Visual Studio Solution File, Format Version 12.00
# Visual Studio Version 17
VisualStudioVersion = 17.11.35431.28
MinimumVisualStudioVersion = 10.0.40219.1
Project("{FAE04EC0-301F-11D3-BF4B-00C04F79EFBC}") = "TimeTrackingApi", "TimeTrackingApi\TimeTrackingApi.csproj", "{323314A0-4D53-43FD-9A0D-B6D90E5D3129}"
EndProject
Global
	GlobalSection(SolutionConfigurationPlatforms) = preSolution
		Debug|Any CPU = Debug|Any CPU
		Release|Any CPU = Release|Any CPU
	EndGlobalSection
	GlobalSection(ProjectConfigurationPlatforms) = postSolution
		{323314A0-4D53-43FD-9A0D-B6D90E5D3129}.Debug|Any CPU.ActiveCfg = Debug|Any CPU
		{323314A0-4D53-43FD-9A0D-B6D90E5D3129}.Debug|Any CPU.Build.0 = Debug|Any CPU
		{323314A0-4D53-43FD-9A0D-B6D90E5D3129}.Release|Any CPU.ActiveCfg = Release|Any CPU
		{323314A0-4D53-43FD-9A0D-B6D90E5D3129}.Release|Any CPU.Build.0 = Release|Any CPU
	EndGlobalSection
	GlobalSection(SolutionProperties) = preSolution
		HideSolutionNode = FALSE
	EndGlobalSection
	GlobalSection(ExtensibilityGlobals) = postSolution
		SolutionGuid = {A48E2D1B-6BEF-4D08-A7B8-8FD6463A7659}
	EndGlobalSection
EndGlobal
